
Microsoft Visual Studio Solution File, Format Version 12.00
# Visual Studio 15
VisualStudioVersion = 15.0.28010.2046
MinimumVisualStudioVersion = 10.0.40219.1
Project("{8BC9CEB8-8B4A-11D0-8D11-00A0C91BC942}") = "GStreamerWrapper", "GStreamerWrapper\GStreamerWrapper.vcxproj", "{5FBB35FE-6779-48BE-B31E-06CD9EC3BE6D}"
EndProject
Project("{8BC9CEB8-8B4A-11D0-8D11-00A0C91BC942}") = "GStreamerWrapperTest", "GStreamerWrapperTest\GStreamerWrapperTest.vcxproj", "{D28BA4E5-CE58-4F22-BAFC-C0EE3E542891}"
	ProjectSection(ProjectDependencies) = postProject
		{5FBB35FE-6779-48BE-B31E-06CD9EC3BE6D} = {5FBB35FE-6779-48BE-B31E-06CD9EC3BE6D}
	EndProjectSection
EndProject
Global
	GlobalSection(SolutionConfigurationPlatforms) = preSolution
		Debug|x64 = Debug|x64
		Release|x64 = Release|x64
	EndGlobalSection
	GlobalSection(ProjectConfigurationPlatforms) = postSolution
		{5FBB35FE-6779-48BE-B31E-06CD9EC3BE6D}.Debug|x64.ActiveCfg = Debug|x64
		{5FBB35FE-6779-48BE-B31E-06CD9EC3BE6D}.Debug|x64.Build.0 = Debug|x64
		{5FBB35FE-6779-48BE-B31E-06CD9EC3BE6D}.Release|x64.ActiveCfg = Release|x64
		{5FBB35FE-6779-48BE-B31E-06CD9EC3BE6D}.Release|x64.Build.0 = Release|x64
		{D28BA4E5-CE58-4F22-BAFC-C0EE3E542891}.Debug|x64.ActiveCfg = Debug|x64
		{D28BA4E5-CE58-4F22-BAFC-C0EE3E542891}.Debug|x64.Build.0 = Debug|x64
		{D28BA4E5-CE58-4F22-BAFC-C0EE3E542891}.Release|x64.ActiveCfg = Release|x64
		{D28BA4E5-CE58-4F22-BAFC-C0EE3E542891}.Release|x64.Build.0 = Release|x64
	EndGlobalSection
	GlobalSection(SolutionProperties) = preSolution
		HideSolutionNode = FALSE
	EndGlobalSection
	GlobalSection(ExtensibilityGlobals) = postSolution
		SolutionGuid = {ADF2703B-92B5-4DEB-8CB4-D41F041F89A2}
	EndGlobalSection
EndGlobal
